// !$*UTF8*$!
{
	archiveVersion = 1;
	classes = {
	};
	objectVersion = 46;
	objects = {

/* Begin PBXBuildFile section */
		615B94491A52292D000E4FA9 /* MachAbstractions.c in Sources */ = {isa = PBXBuildFile; fileRef = 615B94481A52292D000E4FA9 /* MachAbstractions.c */; };
		D81E2FDC1A4CB6010005837E /* AppDelegate.m in Sources */ = {isa = PBXBuildFile; fileRef = D81E2FDB1A4CB6010005837E /* AppDelegate.m */; };
		D81E2FDE1A4CB6010005837E /* main.m in Sources */ = {isa = PBXBuildFile; fileRef = D81E2FDD1A4CB6010005837E /* main.m */; };
		D81E2FE01A4CB6010005837E /* Images.xcassets in Resources */ = {isa = PBXBuildFile; fileRef = D81E2FDF1A4CB6010005837E /* Images.xcassets */; };
		D81E2FE31A4CB6010005837E /* MainMenu.xib in Resources */ = {isa = PBXBuildFile; fileRef = D81E2FE11A4CB6010005837E /* MainMenu.xib */; };
		D8A1B0881A5067B4009BA297 /* ProcessSelectionWindow.xib in Resources */ = {isa = PBXBuildFile; fileRef = D8A1B0871A5067B4009BA297 /* ProcessSelectionWindow.xib */; };
		D8A1B08A1A5067C3009BA297 /* ScannerWindow.xib in Resources */ = {isa = PBXBuildFile; fileRef = D8A1B0891A5067C3009BA297 /* ScannerWindow.xib */; };
		D8A1B08D1A506C56009BA297 /* ProcessSelectionWindowController.m in Sources */ = {isa = PBXBuildFile; fileRef = D8A1B08C1A506C56009BA297 /* ProcessSelectionWindowController.m */; };
		D8A1B0901A506CAC009BA297 /* ScannerWindowController.m in Sources */ = {isa = PBXBuildFile; fileRef = D8A1B08F1A506CAC009BA297 /* ScannerWindowController.m */; };
/* End PBXBuildFile section */

/* Begin PBXFileReference section */
		615B94481A52292D000E4FA9 /* MachAbstractions.c */ = {isa = PBXFileReference; fileEncoding = 4; lastKnownFileType = sourcecode.c.c; path = MachAbstractions.c; sourceTree = "<group>"; };
		615B944B1A522D79000E4FA9 /* MachAbstractions.h */ = {isa = PBXFileReference; lastKnownFileType = sourcecode.c.h; path = MachAbstractions.h; sourceTree = "<group>"; };
		D81E2FD51A4CB6010005837E /* MemScan.app */ = {isa = PBXFileReference; explicitFileType = wrapper.application; includeInIndex = 0; path = MemScan.app; sourceTree = BUILT_PRODUCTS_DIR; };
		D81E2FD91A4CB6010005837E /* Info.plist */ = {isa = PBXFileReference; lastKnownFileType = text.plist.xml; path = Info.plist; sourceTree = "<group>"; };
		D81E2FDA1A4CB6010005837E /* AppDelegate.h */ = {isa = PBXFileReference; lastKnownFileType = sourcecode.c.h; path = AppDelegate.h; sourceTree = "<group>"; };
		D81E2FDB1A4CB6010005837E /* AppDelegate.m */ = {isa = PBXFileReference; lastKnownFileType = sourcecode.c.objc; path = AppDelegate.m; sourceTree = "<group>"; };
		D81E2FDD1A4CB6010005837E /* main.m */ = {isa = PBXFileReference; lastKnownFileType = sourcecode.c.objc; path = main.m; sourceTree = "<group>"; };
		D81E2FDF1A4CB6010005837E /* Images.xcassets */ = {isa = PBXFileReference; lastKnownFileType = folder.assetcatalog; path = Images.xcassets; sourceTree = "<group>"; };
		D81E2FE21A4CB6010005837E /* Base */ = {isa = PBXFileReference; lastKnownFileType = file.xib; name = Base; path = Base.lproj/MainMenu.xib; sourceTree = "<group>"; };
		D8A1B0871A5067B4009BA297 /* ProcessSelectionWindow.xib */ = {isa = PBXFileReference; fileEncoding = 4; lastKnownFileType = file.xib; name = ProcessSelectionWindow.xib; path = ../ProcessSelectionWindow.xib; sourceTree = "<group>"; };
		D8A1B0891A5067C3009BA297 /* ScannerWindow.xib */ = {isa = PBXFileReference; fileEncoding = 4; lastKnownFileType = file.xib; path = ScannerWindow.xib; sourceTree = "<group>"; };
		D8A1B08B1A506C56009BA297 /* ProcessSelectionWindowController.h */ = {isa = PBXFileReference; fileEncoding = 4; lastKnownFileType = sourcecode.c.h; path = ProcessSelectionWindowController.h; sourceTree = "<group>"; };
		D8A1B08C1A506C56009BA297 /* ProcessSelectionWindowController.m */ = {isa = PBXFileReference; fileEncoding = 4; lastKnownFileType = sourcecode.c.objc; path = ProcessSelectionWindowController.m; sourceTree = "<group>"; };
		D8A1B08E1A506CAC009BA297 /* ScannerWindowController.h */ = {isa = PBXFileReference; fileEncoding = 4; lastKnownFileType = sourcecode.c.h; path = ScannerWindowController.h; sourceTree = "<group>"; };
		D8A1B08F1A506CAC009BA297 /* ScannerWindowController.m */ = {isa = PBXFileReference; fileEncoding = 4; lastKnownFileType = sourcecode.c.objc; path = ScannerWindowController.m; sourceTree = "<group>"; };
/* End PBXFileReference section */

/* Begin PBXFrameworksBuildPhase section */
		D81E2FD21A4CB6010005837E /* Frameworks */ = {
			isa = PBXFrameworksBuildPhase;
			buildActionMask = 2147483647;
			files = (
			);
			runOnlyForDeploymentPostprocessing = 0;
		};
/* End PBXFrameworksBuildPhase section */

/* Begin PBXGroup section */
		D81E2FCC1A4CB6010005837E = {
			isa = PBXGroup;
			children = (
				D81E2FD71A4CB6010005837E /* MemScan */,
				D81E2FD61A4CB6010005837E /* Products */,
			);
			sourceTree = "<group>";
		};
		D81E2FD61A4CB6010005837E /* Products */ = {
			isa = PBXGroup;
			children = (
				D81E2FD51A4CB6010005837E /* MemScan.app */,
			);
			name = Products;
			sourceTree = "<group>";
		};
		D81E2FD71A4CB6010005837E /* MemScan */ = {
			isa = PBXGroup;
			children = (
				D81E2FDA1A4CB6010005837E /* AppDelegate.h */,
				D81E2FDB1A4CB6010005837E /* AppDelegate.m */,
				D81E2FDF1A4CB6010005837E /* Images.xcassets */,
				D8A1B0841A506751009BA297 /* Nibs */,
				D81E2FD81A4CB6010005837E /* Supporting Files */,
				D8A1B08B1A506C56009BA297 /* ProcessSelectionWindowController.h */,
				D8A1B08C1A506C56009BA297 /* ProcessSelectionWindowController.m */,
				D8A1B08E1A506CAC009BA297 /* ScannerWindowController.h */,
				D8A1B08F1A506CAC009BA297 /* ScannerWindowController.m */,
				615B94481A52292D000E4FA9 /* MachAbstractions.c */,
				615B944B1A522D79000E4FA9 /* MachAbstractions.h */,
			);
			path = MemScan;
			sourceTree = "<group>";
		};
		D81E2FD81A4CB6010005837E /* Supporting Files */ = {
			isa = PBXGroup;
			children = (
				D81E2FD91A4CB6010005837E /* Info.plist */,
				D81E2FDD1A4CB6010005837E /* main.m */,
			);
			name = "Supporting Files";
			sourceTree = "<group>";
		};
		D8A1B0841A506751009BA297 /* Nibs */ = {
			isa = PBXGroup;
			children = (
				D8A1B0871A5067B4009BA297 /* ProcessSelectionWindow.xib */,
				D81E2FE11A4CB6010005837E /* MainMenu.xib */,
				D8A1B0891A5067C3009BA297 /* ScannerWindow.xib */,
			);
			name = Nibs;
			sourceTree = "<group>";
		};
/* End PBXGroup section */

/* Begin PBXNativeTarget section */
		D81E2FD41A4CB6010005837E /* MemScan */ = {
			isa = PBXNativeTarget;
			buildConfigurationList = D81E2FF21A4CB6010005837E /* Build configuration list for PBXNativeTarget "MemScan" */;
			buildPhases = (
				D81E2FD11A4CB6010005837E /* Sources */,
				D81E2FD21A4CB6010005837E /* Frameworks */,
				D81E2FD31A4CB6010005837E /* Resources */,
			);
			buildRules = (
			);
			dependencies = (
			);
			name = MemScan;
			productName = MemScan;
			productReference = D81E2FD51A4CB6010005837E /* MemScan.app */;
			productType = "com.apple.product-type.application";
		};
/* End PBXNativeTarget section */

/* Begin PBXProject section */
		D81E2FCD1A4CB6010005837E /* Project object */ = {
			isa = PBXProject;
			attributes = {
				LastUpgradeCheck = 0610;
				ORGANIZATIONNAME = "Joe Savage";
				TargetAttributes = {
					D81E2FD41A4CB6010005837E = {
						CreatedOnToolsVersion = 6.1.1;
					};
				};
			};
			buildConfigurationList = D81E2FD01A4CB6010005837E /* Build configuration list for PBXProject "MemScan" */;
			compatibilityVersion = "Xcode 3.2";
			developmentRegion = English;
			hasScannedForEncodings = 0;
			knownRegions = (
				en,
				Base,
			);
			mainGroup = D81E2FCC1A4CB6010005837E;
			productRefGroup = D81E2FD61A4CB6010005837E /* Products */;
			projectDirPath = "";
			projectRoot = "";
			targets = (
				D81E2FD41A4CB6010005837E /* MemScan */,
			);
		};
/* End PBXProject section */

/* Begin PBXResourcesBuildPhase section */
		D81E2FD31A4CB6010005837E /* Resources */ = {
			isa = PBXResourcesBuildPhase;
			buildActionMask = 2147483647;
			files = (
				D8A1B08A1A5067C3009BA297 /* ScannerWindow.xib in Resources */,
				D8A1B0881A5067B4009BA297 /* ProcessSelectionWindow.xib in Resources */,
				D81E2FE01A4CB6010005837E /* Images.xcassets in Resources */,
				D81E2FE31A4CB6010005837E /* MainMenu.xib in Resources */,
			);
			runOnlyForDeploymentPostprocessing = 0;
		};
/* End PBXResourcesBuildPhase section */

/* Begin PBXSourcesBuildPhase section */
		D81E2FD11A4CB6010005837E /* Sources */ = {
			isa = PBXSourcesBuildPhase;
			buildActionMask = 2147483647;
			files = (
				D8A1B08D1A506C56009BA297 /* ProcessSelectionWindowController.m in Sources */,
				D81E2FDE1A4CB6010005837E /* main.m in Sources */,
				615B94491A52292D000E4FA9 /* MachAbstractions.c in Sources */,
				D8A1B0901A506CAC009BA297 /* ScannerWindowController.m in Sources */,
				D81E2FDC1A4CB6010005837E /* AppDelegate.m in Sources */,
			);
			runOnlyForDeploymentPostprocessing = 0;
		};
/* End PBXSourcesBuildPhase section */

/* Begin PBXVariantGroup section */
		D81E2FE11A4CB6010005837E /* MainMenu.xib */ = {
			isa = PBXVariantGroup;
			children = (
				D81E2FE21A4CB6010005837E /* Base */,
			);
			name = MainMenu.xib;
			sourceTree = "<group>";
		};
/* End PBXVariantGroup section */

/* Begin XCBuildConfiguration section */
		D81E2FF01A4CB6010005837E /* Debug */ = {
			isa = XCBuildConfiguration;
			buildSettings = {
				ALWAYS_SEARCH_USER_PATHS = NO;
				CLANG_CXX_LANGUAGE_STANDARD = "gnu++0x";
				CLANG_CXX_LIBRARY = "libc++";
				CLANG_ENABLE_MODULES = YES;
				CLANG_ENABLE_OBJC_ARC = NO;
				CLANG_WARN_BOOL_CONVERSION = YES;
				CLANG_WARN_CONSTANT_CONVERSION = YES;
				CLANG_WARN_DIRECT_OBJC_ISA_USAGE = YES_ERROR;
				CLANG_WARN_EMPTY_BODY = YES;
				CLANG_WARN_ENUM_CONVERSION = YES;
				CLANG_WARN_INT_CONVERSION = YES;
				CLANG_WARN_OBJC_ROOT_CLASS = YES_ERROR;
				CLANG_WARN_UNREACHABLE_CODE = YES;
				CLANG_WARN__DUPLICATE_METHOD_MATCH = YES;
				CODE_SIGN_IDENTITY = "-";
				COPY_PHASE_STRIP = NO;
				ENABLE_STRICT_OBJC_MSGSEND = YES;
				GCC_C_LANGUAGE_STANDARD = gnu99;
				GCC_DYNAMIC_NO_PIC = NO;
				GCC_OPTIMIZATION_LEVEL = 0;
				GCC_PREPROCESSOR_DEFINITIONS = (
					"DEBUG=1",
					"$(inherited)",
				);
				GCC_SYMBOLS_PRIVATE_EXTERN = NO;
				GCC_WARN_64_TO_32_BIT_CONVERSION = YES;
				GCC_WARN_ABOUT_RETURN_TYPE = YES_ERROR;
				GCC_WARN_UNDECLARED_SELECTOR = YES;
				GCC_WARN_UNINITIALIZED_AUTOS = YES_AGGRESSIVE;
				GCC_WARN_UNUSED_FUNCTION = YES;
				GCC_WARN_UNUSED_VARIABLE = YES;
				MACOSX_DEPLOYMENT_TARGET = 10.10;
				MTL_ENABLE_DEBUG_INFO = YES;
				ONLY_ACTIVE_ARCH = YES;
				SDKROOT = macosx;
			};
			name = Debug;
		};
		D81E2FF11A4CB6010005837E /* Release */ = {
			isa = XCBuildConfiguration;
			buildSettings = {
				ALWAYS_SEARCH_USER_PATHS = NO;
				CLANG_CXX_LANGUAGE_STANDARD = "gnu++0x";
				CLANG_CXX_LIBRARY = "libc++";
				CLANG_ENABLE_MODULES = YES;
				CLANG_ENABLE_OBJC_ARC = NO;
				CLANG_WARN_BOOL_CONVERSION = YES;
				CLANG_WARN_CONSTANT_CONVERSION = YES;
				CLANG_WARN_DIRECT_OBJC_ISA_USAGE = YES_ERROR;
				CLANG_WARN_EMPTY_BODY = YES;
				CLANG_WARN_ENUM_CONVERSION = YES;
				CLANG_WARN_INT_CONVERSION = YES;
				CLANG_WARN_OBJC_ROOT_CLASS = YES_ERROR;
				CLANG_WARN_UNREACHABLE_CODE = YES;
				CLANG_WARN__DUPLICATE_METHOD_MATCH = YES;
				CODE_SIGN_IDENTITY = "-";
				COPY_PHASE_STRIP = YES;
				DEBUG_INFORMATION_FORMAT = "dwarf-with-dsym";
				ENABLE_NS_ASSERTIONS = NO;
				ENABLE_STRICT_OBJC_MSGSEND = YES;
				GCC_C_LANGUAGE_STANDARD = gnu99;
				GCC_WARN_64_TO_32_BIT_CONVERSION = YES;
				GCC_WARN_ABOUT_RETURN_TYPE = YES_ERROR;
				GCC_WARN_UNDECLARED_SELECTOR = YES;
				GCC_WARN_UNINITIALIZED_AUTOS = YES_AGGRESSIVE;
				GCC_WARN_UNUSED_FUNCTION = YES;
				GCC_WARN_UNUSED_VARIABLE = YES;
				MACOSX_DEPLOYMENT_TARGET = 10.10;
				MTL_ENABLE_DEBUG_INFO = NO;
				SDKROOT = macosx;
			};
			name = Release;
		};
		D81E2FF31A4CB6010005837E /* Debug */ = {
			isa = XCBuildConfiguration;
			buildSettings = {
				ASSETCATALOG_COMPILER_APPICON_NAME = AppIcon;
				COMBINE_HIDPI_IMAGES = YES;
				INFOPLIST_FILE = MemScan/Info.plist;
				LD_RUNPATH_SEARCH_PATHS = "$(inherited) @executable_path/../Frameworks";
				PRODUCT_NAME = "$(TARGET_NAME)";
			};
			name = Debug;
		};
		D81E2FF41A4CB6010005837E /* Release */ = {
			isa = XCBuildConfiguration;
			buildSettings = {
				ASSETCATALOG_COMPILER_APPICON_NAME = AppIcon;
				COMBINE_HIDPI_IMAGES = YES;
				INFOPLIST_FILE = MemScan/Info.plist;
				LD_RUNPATH_SEARCH_PATHS = "$(inherited) @executable_path/../Frameworks";
				PRODUCT_NAME = "$(TARGET_NAME)";
			};
			name = Release;
		};
/* End XCBuildConfiguration section */

/* Begin XCConfigurationList section */
		D81E2FD01A4CB6010005837E /* Build configuration list for PBXProject "MemScan" */ = {
			isa = XCConfigurationList;
			buildConfigurations = (
				D81E2FF01A4CB6010005837E /* Debug */,
				D81E2FF11A4CB6010005837E /* Release */,
			);
			defaultConfigurationIsVisible = 0;
			defaultConfigurationName = Release;
		};
		D81E2FF21A4CB6010005837E /* Build configuration list for PBXNativeTarget "MemScan" */ = {
			isa = XCConfigurationList;
			buildConfigurations = (
				D81E2FF31A4CB6010005837E /* Debug */,
				D81E2FF41A4CB6010005837E /* Release */,
			);
			defaultConfigurationIsVisible = 0;
			defaultConfigurationName = Release;
		};
/* End XCConfigurationList section */
	};
	rootObject = D81E2FCD1A4CB6010005837E /* Project object */;
}
